// !$*UTF8*$!
{
	archiveVersion = 1;
	classes = {
	};
	objectVersion = 50;
	objects = {

/* Begin PBXBuildFile section */
		705AA7A82453CD6900099A67 /* AppDelegate.swift in Sources */ = {isa = PBXBuildFile; fileRef = 705AA7A72453CD6900099A67 /* AppDelegate.swift */; };
		705AA7AA2453CD6900099A67 /* SceneDelegate.swift in Sources */ = {isa = PBXBuildFile; fileRef = 705AA7A92453CD6900099A67 /* SceneDelegate.swift */; };
		705AA7AC2453CD6900099A67 /* ViewController.swift in Sources */ = {isa = PBXBuildFile; fileRef = 705AA7AB2453CD6900099A67 /* ViewController.swift */; };
		705AA7AF2453CD6900099A67 /* Main.storyboard in Resources */ = {isa = PBXBuildFile; fileRef = 705AA7AD2453CD6900099A67 /* Main.storyboard */; };
		705AA7B12453CD6B00099A67 /* Assets.xcassets in Resources */ = {isa = PBXBuildFile; fileRef = 705AA7B02453CD6B00099A67 /* Assets.xcassets */; };
		705AA7B42453CD6B00099A67 /* LaunchScreen.storyboard in Resources */ = {isa = PBXBuildFile; fileRef = 705AA7B22453CD6B00099A67 /* LaunchScreen.storyboard */; };
/* End PBXBuildFile section */

/* Begin PBXFileReference section */
		705AA7A42453CD6900099A67 /* ORingChat.app */ = {isa = PBXFileReference; explicitFileType = wrapper.application; includeInIndex = 0; path = ORingChat.app; sourceTree = BUILT_PRODUCTS_DIR; };
		705AA7A72453CD6900099A67 /* AppDelegate.swift */ = {isa = PBXFileReference; lastKnownFileType = sourcecode.swift; path = AppDelegate.swift; sourceTree = "<group>"; };
		705AA7A92453CD6900099A67 /* SceneDelegate.swift */ = {isa = PBXFileReference; lastKnownFileType = sourcecode.swift; path = SceneDelegate.swift; sourceTree = "<group>"; };
		705AA7AB2453CD6900099A67 /* ViewController.swift */ = {isa = PBXFileReference; lastKnownFileType = sourcecode.swift; path = ViewController.swift; sourceTree = "<group>"; };
		705AA7AE2453CD6900099A67 /* Base */ = {isa = PBXFileReference; lastKnownFileType = file.storyboard; name = Base; path = Base.lproj/Main.storyboard; sourceTree = "<group>"; };
		705AA7B02453CD6B00099A67 /* Assets.xcassets */ = {isa = PBXFileReference; lastKnownFileType = folder.assetcatalog; path = Assets.xcassets; sourceTree = "<group>"; };
		705AA7B32453CD6B00099A67 /* Base */ = {isa = PBXFileReference; lastKnownFileType = file.storyboard; name = Base; path = Base.lproj/LaunchScreen.storyboard; sourceTree = "<group>"; };
		705AA7B52453CD6B00099A67 /* Info.plist */ = {isa = PBXFileReference; lastKnownFileType = text.plist.xml; path = Info.plist; sourceTree = "<group>"; };
/* End PBXFileReference section */

/* Begin PBXFrameworksBuildPhase section */
		705AA7A12453CD6900099A67 /* Frameworks */ = {
			isa = PBXFrameworksBuildPhase;
			buildActionMask = 2147483647;
			files = (
			);
			runOnlyForDeploymentPostprocessing = 0;
		};
/* End PBXFrameworksBuildPhase section */

/* Begin PBXGroup section */
		705AA79B2453CD6900099A67 = {
			isa = PBXGroup;
			children = (
				705AA7A62453CD6900099A67 /* ORingChat */,
				705AA7A52453CD6900099A67 /* Products */,
			);
			sourceTree = "<group>";
		};
		705AA7A52453CD6900099A67 /* Products */ = {
			isa = PBXGroup;
			children = (
				705AA7A42453CD6900099A67 /* ORingChat.app */,
			);
			name = Products;
			sourceTree = "<group>";
		};
		705AA7A62453CD6900099A67 /* ORingChat */ = {
			isa = PBXGroup;
			children = (
				705AA7A72453CD6900099A67 /* AppDelegate.swift */,
				705AA7A92453CD6900099A67 /* SceneDelegate.swift */,
				705AA7AB2453CD6900099A67 /* ViewController.swift */,
				705AA7AD2453CD6900099A67 /* Main.storyboard */,
				705AA7B02453CD6B00099A67 /* Assets.xcassets */,
				705AA7B22453CD6B00099A67 /* LaunchScreen.storyboard */,
				705AA7B52453CD6B00099A67 /* Info.plist */,
			);
			path = ORingChat;
			sourceTree = "<group>";
		};
/* End PBXGroup section */

/* Begin PBXNativeTarget section */
		705AA7A32453CD6900099A67 /* ORingChat */ = {
			isa = PBXNativeTarget;
			buildConfigurationList = 705AA7B82453CD6B00099A67 /* Build configuration list for PBXNativeTarget "ORingChat" */;
			buildPhases = (
				705AA7A02453CD6900099A67 /* Sources */,
				705AA7A12453CD6900099A67 /* Frameworks */,
				705AA7A22453CD6900099A67 /* Resources */,
			);
			buildRules = (
			);
			dependencies = (
			);
			name = ORingChat;
			productName = ORingChat;
			productReference = 705AA7A42453CD6900099A67 /* ORingChat.app */;
			productType = "com.apple.product-type.application";
		};
/* End PBXNativeTarget section */

/* Begin PBXProject section */
		705AA79C2453CD6900099A67 /* Project object */ = {
			isa = PBXProject;
			attributes = {
				LastSwiftUpdateCheck = 1140;
				LastUpgradeCheck = 1140;
				ORGANIZATIONNAME = oring;
				TargetAttributes = {
					705AA7A32453CD6900099A67 = {
						CreatedOnToolsVersion = 11.4;
					};
				};
			};
			buildConfigurationList = 705AA79F2453CD6900099A67 /* Build configuration list for PBXProject "ORingChat" */;
			compatibilityVersion = "Xcode 9.3";
			developmentRegion = en;
			hasScannedForEncodings = 0;
			knownRegions = (
				en,
				Base,
			);
			mainGroup = 705AA79B2453CD6900099A67;
			productRefGroup = 705AA7A52453CD6900099A67 /* Products */;
			projectDirPath = "";
			projectRoot = "";
			targets = (
				705AA7A32453CD6900099A67 /* ORingChat */,
			);
		};
/* End PBXProject section */

/* Begin PBXResourcesBuildPhase section */
		705AA7A22453CD6900099A67 /* Resources */ = {
			isa = PBXResourcesBuildPhase;
			buildActionMask = 2147483647;
			files = (
				705AA7B42453CD6B00099A67 /* LaunchScreen.storyboard in Resources */,
				705AA7B12453CD6B00099A67 /* Assets.xcassets in Resources */,
				705AA7AF2453CD6900099A67 /* Main.storyboard in Resources */,
			);
			runOnlyForDeploymentPostprocessing = 0;
		};
/* End PBXResourcesBuildPhase section */

/* Begin PBXSourcesBuildPhase section */
		705AA7A02453CD6900099A67 /* Sources */ = {
			isa = PBXSourcesBuildPhase;
			buildActionMask = 2147483647;
			files = (
				705AA7AC2453CD6900099A67 /* ViewController.swift in Sources */,
				705AA7A82453CD6900099A67 /* AppDelegate.swift in Sources */,
				705AA7AA2453CD6900099A67 /* SceneDelegate.swift in Sources */,
			);
			runOnlyForDeploymentPostprocessing = 0;
		};
/* End PBXSourcesBuildPhase section */

/* Begin PBXVariantGroup section */
		705AA7AD2453CD6900099A67 /* Main.storyboard */ = {
			isa = PBXVariantGroup;
			children = (
				705AA7AE2453CD6900099A67 /* Base */,
			);
			name = Main.storyboard;
			sourceTree = "<group>";
		};
		705AA7B22453CD6B00099A67 /* LaunchScreen.storyboard */ = {
			isa = PBXVariantGroup;
			children = (
				705AA7B32453CD6B00099A67 /* Base */,
			);
			name = LaunchScreen.storyboard;
			sourceTree = "<group>";
		};
/* End PBXVariantGroup section */

/* Begin XCBuildConfiguration section */
		705AA7B62453CD6B00099A67 /* Debug */ = {
			isa = XCBuildConfiguration;
			buildSettings = {
				ALWAYS_SEARCH_USER_PATHS = NO;
				CLANG_ANALYZER_NONNULL = YES;
				CLANG_ANALYZER_NUMBER_OBJECT_CONVERSION = YES_AGGRESSIVE;
				CLANG_CXX_LANGUAGE_STANDARD = "gnu++14";
				CLANG_CXX_LIBRARY = "libc++";
				CLANG_ENABLE_MODULES = YES;
				CLANG_ENABLE_OBJC_ARC = YES;
				CLANG_ENABLE_OBJC_WEAK = YES;
				CLANG_WARN_BLOCK_CAPTURE_AUTORELEASING = YES;
				CLANG_WARN_BOOL_CONVERSION = YES;
				CLANG_WARN_COMMA = YES;
				CLANG_WARN_CONSTANT_CONVERSION = YES;
				CLANG_WARN_DEPRECATED_OBJC_IMPLEMENTATIONS = YES;
				CLANG_WARN_DIRECT_OBJC_ISA_USAGE = YES_ERROR;
				CLANG_WARN_DOCUMENTATION_COMMENTS = YES;
				CLANG_WARN_EMPTY_BODY = YES;
				CLANG_WARN_ENUM_CONVERSION = YES;
				CLANG_WARN_INFINITE_RECURSION = YES;
				CLANG_WARN_INT_CONVERSION = YES;
				CLANG_WARN_NON_LITERAL_NULL_CONVERSION = YES;
				CLANG_WARN_OBJC_IMPLICIT_RETAIN_SELF = YES;
				CLANG_WARN_OBJC_LITERAL_CONVERSION = YES;
				CLANG_WARN_OBJC_ROOT_CLASS = YES_ERROR;
				CLANG_WARN_RANGE_LOOP_ANALYSIS = YES;
				CLANG_WARN_STRICT_PROTOTYPES = YES;
				CLANG_WARN_SUSPICIOUS_MOVE = YES;
				CLANG_WARN_UNGUARDED_AVAILABILITY = YES_AGGRESSIVE;
				CLANG_WARN_UNREACHABLE_CODE = YES;
				CLANG_WARN__DUPLICATE_METHOD_MATCH = YES;
				COPY_PHASE_STRIP = NO;
				DEBUG_INFORMATION_FORMAT = dwarf;
				ENABLE_STRICT_OBJC_MSGSEND = YES;
				ENABLE_TESTABILITY = YES;
				GCC_C_LANGUAGE_STANDARD = gnu11;
				GCC_DYNAMIC_NO_PIC = NO;
				GCC_NO_COMMON_BLOCKS = YES;
				GCC_OPTIMIZATION_LEVEL = 0;
				GCC_PREPROCESSOR_DEFINITIONS = (
					"DEBUG=1",
					"$(inherited)",
				);
				GCC_WARN_64_TO_32_BIT_CONVERSION = YES;
				GCC_WARN_ABOUT_RETURN_TYPE = YES_ERROR;
				GCC_WARN_UNDECLARED_SELECTOR = YES;
				GCC_WARN_UNINITIALIZED_AUTOS = YES_AGGRESSIVE;
				GCC_WARN_UNUSED_FUNCTION = YES;
				GCC_WARN_UNUSED_VARIABLE = YES;
				IPHONEOS_DEPLOYMENT_TARGET = 13.4;
				MTL_ENABLE_DEBUG_INFO = INCLUDE_SOURCE;
				MTL_FAST_MATH = YES;
				ONLY_ACTIVE_ARCH = YES;
				SDKROOT = iphoneos;
				SWIFT_ACTIVE_COMPILATION_CONDITIONS = DEBUG;
				SWIFT_OPTIMIZATION_LEVEL = "-Onone";
			};
			name = Debug;
		};
		705AA7B72453CD6B00099A67 /* Release */ = {
			isa = XCBuildConfiguration;
			buildSettings = {
				ALWAYS_SEARCH_USER_PATHS = NO;
				CLANG_ANALYZER_NONNULL = YES;
				CLANG_ANALYZER_NUMBER_OBJECT_CONVERSION = YES_AGGRESSIVE;
				CLANG_CXX_LANGUAGE_STANDARD = "gnu++14";
				CLANG_CXX_LIBRARY = "libc++";
				CLANG_ENABLE_MODULES = YES;
				CLANG_ENABLE_OBJC_ARC = YES;
				CLANG_ENABLE_OBJC_WEAK = YES;
				CLANG_WARN_BLOCK_CAPTURE_AUTORELEASING = YES;
				CLANG_WARN_BOOL_CONVERSION = YES;
				CLANG_WARN_COMMA = YES;
				CLANG_WARN_CONSTANT_CONVERSION = YES;
				CLANG_WARN_DEPRECATED_OBJC_IMPLEMENTATIONS = YES;
				CLANG_WARN_DIRECT_OBJC_ISA_USAGE = YES_ERROR;
				CLANG_WARN_DOCUMENTATION_COMMENTS = YES;
				CLANG_WARN_EMPTY_BODY = YES;
				CLANG_WARN_ENUM_CONVERSION = YES;
				CLANG_WARN_INFINITE_RECURSION = YES;
				CLANG_WARN_INT_CONVERSION = YES;
				CLANG_WARN_NON_LITERAL_NULL_CONVERSION = YES;
				CLANG_WARN_OBJC_IMPLICIT_RETAIN_SELF = YES;
				CLANG_WARN_OBJC_LITERAL_CONVERSION = YES;
				CLANG_WARN_OBJC_ROOT_CLASS = YES_ERROR;
				CLANG_WARN_RANGE_LOOP_ANALYSIS = YES;
				CLANG_WARN_STRICT_PROTOTYPES = YES;
				CLANG_WARN_SUSPICIOUS_MOVE = YES;
				CLANG_WARN_UNGUARDED_AVAILABILITY = YES_AGGRESSIVE;
				CLANG_WARN_UNREACHABLE_CODE = YES;
				CLANG_WARN__DUPLICATE_METHOD_MATCH = YES;
				COPY_PHASE_STRIP = NO;
				DEBUG_INFORMATION_FORMAT = "dwarf-with-dsym";
				ENABLE_NS_ASSERTIONS = NO;
				ENABLE_STRICT_OBJC_MSGSEND = YES;
				GCC_C_LANGUAGE_STANDARD = gnu11;
				GCC_NO_COMMON_BLOCKS = YES;
				GCC_WARN_64_TO_32_BIT_CONVERSION = YES;
				GCC_WARN_ABOUT_RETURN_TYPE = YES_ERROR;
				GCC_WARN_UNDECLARED_SELECTOR = YES;
				GCC_WARN_UNINITIALIZED_AUTOS = YES_AGGRESSIVE;
				GCC_WARN_UNUSED_FUNCTION = YES;
				GCC_WARN_UNUSED_VARIABLE = YES;
				IPHONEOS_DEPLOYMENT_TARGET = 13.4;
				MTL_ENABLE_DEBUG_INFO = NO;
				MTL_FAST_MATH = YES;
				SDKROOT = iphoneos;
				SWIFT_COMPILATION_MODE = wholemodule;
				SWIFT_OPTIMIZATION_LEVEL = "-O";
				VALIDATE_PRODUCT = YES;
			};
			name = Release;
		};
		705AA7B92453CD6B00099A67 /* Debug */ = {
			isa = XCBuildConfiguration;
			buildSettings = {
				ASSETCATALOG_COMPILER_APPICON_NAME = AppIcon;
				CODE_SIGN_STYLE = Automatic;
				INFOPLIST_FILE = ORingChat/Info.plist;
				LD_RUNPATH_SEARCH_PATHS = (
					"$(inherited)",
					"@executable_path/Frameworks",
				);
				PRODUCT_BUNDLE_IDENTIFIER = com.oring.ORingChat;
				PRODUCT_NAME = "$(TARGET_NAME)";
				SWIFT_VERSION = 5.0;
				TARGETED_DEVICE_FAMILY = "1,2";
			};
			name = Debug;
		};
		705AA7BA2453CD6B00099A67 /* Release */ = {
			isa = XCBuildConfiguration;
			buildSettings = {
				ASSETCATALOG_COMPILER_APPICON_NAME = AppIcon;
				CODE_SIGN_STYLE = Automatic;
				INFOPLIST_FILE = ORingChat/Info.plist;
				LD_RUNPATH_SEARCH_PATHS = (
					"$(inherited)",
					"@executable_path/Frameworks",
				);
				PRODUCT_BUNDLE_IDENTIFIER = com.oring.ORingChat;
				PRODUCT_NAME = "$(TARGET_NAME)";
				SWIFT_VERSION = 5.0;
				TARGETED_DEVICE_FAMILY = "1,2";
			};
			name = Release;
		};
/* End XCBuildConfiguration section */

/* Begin XCConfigurationList section */
		705AA79F2453CD6900099A67 /* Build configuration list for PBXProject "ORingChat" */ = {
			isa = XCConfigurationList;
			buildConfigurations = (
				705AA7B62453CD6B00099A67 /* Debug */,
				705AA7B72453CD6B00099A67 /* Release */,
			);
			defaultConfigurationIsVisible = 0;
			defaultConfigurationName = Release;
		};
		705AA7B82453CD6B00099A67 /* Build configuration list for PBXNativeTarget "ORingChat" */ = {
			isa = XCConfigurationList;
			buildConfigurations = (
				705AA7B92453CD6B00099A67 /* Debug */,
				705AA7BA2453CD6B00099A67 /* Release */,
			);
			defaultConfigurationIsVisible = 0;
			defaultConfigurationName = Release;
		};
/* End XCConfigurationList section */
	};
	rootObject = 705AA79C2453CD6900099A67 /* Project object */;
}
